
Microsoft Visual Studio Solution File, Format Version 12.00
# Visual Studio 2013
VisualStudioVersion = 12.0.21005.1
MinimumVisualStudioVersion = 10.0.40219.1
Project("{FAE04EC0-301F-11D3-BF4B-00C04F79EFBC}") = "CSharp", "CSharp\CSharp.csproj", "{C8DD20C5-ABFF-4C25-AB04-BBB87672B05B}"
EndProject
Project("{FAE04EC0-301F-11D3-BF4B-00C04F79EFBC}") = "DelegateLamdbaEvent", "DelegateLamdbaEvent\DelegateLamdbaEvent.csproj", "{AA905E5B-75B9-4964-9EE1-B6EDBC286DD8}"
EndProject
Project("{FAE04EC0-301F-11D3-BF4B-00C04F79EFBC}") = "ExpandMethod", "ExpandMethod\ExpandMethod.csproj", "{BC6844F8-FA30-4C02-8AED-C4CDF2F06E07}"
EndProject
Project("{FAE04EC0-301F-11D3-BF4B-00C04F79EFBC}") = "Inherit", "Inherit\Inherit.csproj", "{D4C11D77-0889-4881-8EF7-261FF88F6EA7}"
EndProject
Project("{FAE04EC0-301F-11D3-BF4B-00C04F79EFBC}") = "Generic", "Generic\Generic.csproj", "{BD2089AC-FFFC-40A7-AFC0-3EECD1412D59}"
EndProject
Global
	GlobalSection(SolutionConfigurationPlatforms) = preSolution
		Debug|Any CPU = Debug|Any CPU
		Debug|Mixed Platforms = Debug|Mixed Platforms
		Debug|x86 = Debug|x86
		Release|Any CPU = Release|Any CPU
		Release|Mixed Platforms = Release|Mixed Platforms
		Release|x86 = Release|x86
	EndGlobalSection
	GlobalSection(ProjectConfigurationPlatforms) = postSolution
		{C8DD20C5-ABFF-4C25-AB04-BBB87672B05B}.Debug|Any CPU.ActiveCfg = Debug|Any CPU
		{C8DD20C5-ABFF-4C25-AB04-BBB87672B05B}.Debug|Any CPU.Build.0 = Debug|Any CPU
		{C8DD20C5-ABFF-4C25-AB04-BBB87672B05B}.Debug|Mixed Platforms.ActiveCfg = Debug|x86
		{C8DD20C5-ABFF-4C25-AB04-BBB87672B05B}.Debug|Mixed Platforms.Build.0 = Debug|x86
		{C8DD20C5-ABFF-4C25-AB04-BBB87672B05B}.Debug|x86.ActiveCfg = Debug|x86
		{C8DD20C5-ABFF-4C25-AB04-BBB87672B05B}.Debug|x86.Build.0 = Debug|x86
		{C8DD20C5-ABFF-4C25-AB04-BBB87672B05B}.Release|Any CPU.ActiveCfg = Release|Any CPU
		{C8DD20C5-ABFF-4C25-AB04-BBB87672B05B}.Release|Any CPU.Build.0 = Release|Any CPU
		{C8DD20C5-ABFF-4C25-AB04-BBB87672B05B}.Release|Mixed Platforms.ActiveCfg = Release|x86
		{C8DD20C5-ABFF-4C25-AB04-BBB87672B05B}.Release|Mixed Platforms.Build.0 = Release|x86
		{C8DD20C5-ABFF-4C25-AB04-BBB87672B05B}.Release|x86.ActiveCfg = Release|x86
		{C8DD20C5-ABFF-4C25-AB04-BBB87672B05B}.Release|x86.Build.0 = Release|x86
		{AA905E5B-75B9-4964-9EE1-B6EDBC286DD8}.Debug|Any CPU.ActiveCfg = Debug|Any CPU
		{AA905E5B-75B9-4964-9EE1-B6EDBC286DD8}.Debug|Any CPU.Build.0 = Debug|Any CPU
		{AA905E5B-75B9-4964-9EE1-B6EDBC286DD8}.Debug|Mixed Platforms.ActiveCfg = Debug|x86
		{AA905E5B-75B9-4964-9EE1-B6EDBC286DD8}.Debug|Mixed Platforms.Build.0 = Debug|x86
		{AA905E5B-75B9-4964-9EE1-B6EDBC286DD8}.Debug|x86.ActiveCfg = Debug|x86
		{AA905E5B-75B9-4964-9EE1-B6EDBC286DD8}.Debug|x86.Build.0 = Debug|x86
		{AA905E5B-75B9-4964-9EE1-B6EDBC286DD8}.Release|Any CPU.ActiveCfg = Release|Any CPU
		{AA905E5B-75B9-4964-9EE1-B6EDBC286DD8}.Release|Any CPU.Build.0 = Release|Any CPU
		{AA905E5B-75B9-4964-9EE1-B6EDBC286DD8}.Release|Mixed Platforms.ActiveCfg = Release|x86
		{AA905E5B-75B9-4964-9EE1-B6EDBC286DD8}.Release|Mixed Platforms.Build.0 = Release|x86
		{AA905E5B-75B9-4964-9EE1-B6EDBC286DD8}.Release|x86.ActiveCfg = Release|x86
		{AA905E5B-75B9-4964-9EE1-B6EDBC286DD8}.Release|x86.Build.0 = Release|x86
		{BC6844F8-FA30-4C02-8AED-C4CDF2F06E07}.Debug|Any CPU.ActiveCfg = Debug|Any CPU
		{BC6844F8-FA30-4C02-8AED-C4CDF2F06E07}.Debug|Any CPU.Build.0 = Debug|Any CPU
		{BC6844F8-FA30-4C02-8AED-C4CDF2F06E07}.Debug|Mixed Platforms.ActiveCfg = Debug|x86
		{BC6844F8-FA30-4C02-8AED-C4CDF2F06E07}.Debug|Mixed Platforms.Build.0 = Debug|x86
		{BC6844F8-FA30-4C02-8AED-C4CDF2F06E07}.Debug|x86.ActiveCfg = Debug|x86
		{BC6844F8-FA30-4C02-8AED-C4CDF2F06E07}.Debug|x86.Build.0 = Debug|x86
		{BC6844F8-FA30-4C02-8AED-C4CDF2F06E07}.Release|Any CPU.ActiveCfg = Release|Any CPU
		{BC6844F8-FA30-4C02-8AED-C4CDF2F06E07}.Release|Any CPU.Build.0 = Release|Any CPU
		{BC6844F8-FA30-4C02-8AED-C4CDF2F06E07}.Release|Mixed Platforms.ActiveCfg = Release|x86
		{BC6844F8-FA30-4C02-8AED-C4CDF2F06E07}.Release|Mixed Platforms.Build.0 = Release|x86
		{BC6844F8-FA30-4C02-8AED-C4CDF2F06E07}.Release|x86.ActiveCfg = Release|x86
		{BC6844F8-FA30-4C02-8AED-C4CDF2F06E07}.Release|x86.Build.0 = Release|x86
		{D4C11D77-0889-4881-8EF7-261FF88F6EA7}.Debug|Any CPU.ActiveCfg = Debug|Any CPU
		{D4C11D77-0889-4881-8EF7-261FF88F6EA7}.Debug|Any CPU.Build.0 = Debug|Any CPU
		{D4C11D77-0889-4881-8EF7-261FF88F6EA7}.Debug|Mixed Platforms.ActiveCfg = Debug|x86
		{D4C11D77-0889-4881-8EF7-261FF88F6EA7}.Debug|Mixed Platforms.Build.0 = Debug|x86
		{D4C11D77-0889-4881-8EF7-261FF88F6EA7}.Debug|x86.ActiveCfg = Debug|x86
		{D4C11D77-0889-4881-8EF7-261FF88F6EA7}.Debug|x86.Build.0 = Debug|x86
		{D4C11D77-0889-4881-8EF7-261FF88F6EA7}.Release|Any CPU.ActiveCfg = Release|Any CPU
		{D4C11D77-0889-4881-8EF7-261FF88F6EA7}.Release|Any CPU.Build.0 = Release|Any CPU
		{D4C11D77-0889-4881-8EF7-261FF88F6EA7}.Release|Mixed Platforms.ActiveCfg = Release|x86
		{D4C11D77-0889-4881-8EF7-261FF88F6EA7}.Release|Mixed Platforms.Build.0 = Release|x86
		{D4C11D77-0889-4881-8EF7-261FF88F6EA7}.Release|x86.ActiveCfg = Release|x86
		{D4C11D77-0889-4881-8EF7-261FF88F6EA7}.Release|x86.Build.0 = Release|x86
		{BD2089AC-FFFC-40A7-AFC0-3EECD1412D59}.Debug|Any CPU.ActiveCfg = Debug|Any CPU
		{BD2089AC-FFFC-40A7-AFC0-3EECD1412D59}.Debug|Any CPU.Build.0 = Debug|Any CPU
		{BD2089AC-FFFC-40A7-AFC0-3EECD1412D59}.Debug|Mixed Platforms.ActiveCfg = Debug|Any CPU
		{BD2089AC-FFFC-40A7-AFC0-3EECD1412D59}.Debug|Mixed Platforms.Build.0 = Debug|Any CPU
		{BD2089AC-FFFC-40A7-AFC0-3EECD1412D59}.Debug|x86.ActiveCfg = Debug|Any CPU
		{BD2089AC-FFFC-40A7-AFC0-3EECD1412D59}.Release|Any CPU.ActiveCfg = Release|Any CPU
		{BD2089AC-FFFC-40A7-AFC0-3EECD1412D59}.Release|Any CPU.Build.0 = Release|Any CPU
		{BD2089AC-FFFC-40A7-AFC0-3EECD1412D59}.Release|Mixed Platforms.ActiveCfg = Release|Any CPU
		{BD2089AC-FFFC-40A7-AFC0-3EECD1412D59}.Release|Mixed Platforms.Build.0 = Release|Any CPU
		{BD2089AC-FFFC-40A7-AFC0-3EECD1412D59}.Release|x86.ActiveCfg = Release|Any CPU
	EndGlobalSection
	GlobalSection(SolutionProperties) = preSolution
		HideSolutionNode = FALSE
	EndGlobalSection
EndGlobal
